
Microsoft Visual Studio Solution File, Format Version 12.00
# Visual Studio Version 17
VisualStudioVersion = 17.8.34601.278
MinimumVisualStudioVersion = 10.0.40219.1
Project("{2150E333-8FDC-42A3-9474-1A3956D46DE8}") = "Windows", "Windows", "{337F4FD1-1205-4A1C-8CC0-C3AD0018DEC7}"
EndProject
Project("{2150E333-8FDC-42A3-9474-1A3956D46DE8}") = "Library", "Library", "{AD58A5D5-4CF5-454F-8A2F-5C158450E9EF}"
EndProject
Project("{2150E333-8FDC-42A3-9474-1A3956D46DE8}") = "Presentation", "Presentation", "{3CF5025D-9EF0-438B-A757-7D607ED42075}"
EndProject
Project("{FAE04EC0-301F-11D3-BF4B-00C04F79EFBC}") = "BELARUS.Data", "Windows\Library\Data\BELARUS.Data.csproj", "{2DCFFE3F-17A1-4184-8962-C7CA52D59D45}"
EndProject
Project("{FAE04EC0-301F-11D3-BF4B-00C04F79EFBC}") = "BELARUS.Lib", "Windows\Library\Lib\BELARUS.Lib.csproj", "{E11B0ACC-4832-4479-B7B7-5F68B6F6E0D6}"
EndProject
Project("{FAE04EC0-301F-11D3-BF4B-00C04F79EFBC}") = "BELARUS.Service", "Windows\Library\Service\BELARUS.Service.csproj", "{F27352F9-393C-46CA-BA29-B7BE8D0D3DD7}"
EndProject
Project("{FAE04EC0-301F-11D3-BF4B-00C04F79EFBC}") = "BELARUS.App", "Windows\Presentation\App\BELARUS.App.csproj", "{17FB830F-749B-4182-997A-943090F60C73}"
EndProject
Project("{FAE04EC0-301F-11D3-BF4B-00C04F79EFBC}") = "BELARUS.TabStrip", "Windows\Library\TabStrip\BELARUS.TabStrip.csproj", "{F929CA6A-87BD-42C8-8D0A-6455DB6F55DC}"
EndProject
Project("{FAE04EC0-301F-11D3-BF4B-00C04F79EFBC}") = "HttpClient", "Windows\Library\HttpClient\HttpClient.csproj", "{45912ED7-597C-4214-930D-CB44D17F6650}"
EndProject
Project("{FAE04EC0-301F-11D3-BF4B-00C04F79EFBC}") = "BELARUS.SH", "Windows\Library\SH\BELARUS.SH.csproj", "{E0619DBF-4EA3-4B11-9C3C-C69E2C85DAF0}"
EndProject
Global
	GlobalSection(SolutionConfigurationPlatforms) = preSolution
		Debug|Any CPU = Debug|Any CPU
		Release|Any CPU = Release|Any CPU
	EndGlobalSection
	GlobalSection(ProjectConfigurationPlatforms) = postSolution
		{2DCFFE3F-17A1-4184-8962-C7CA52D59D45}.Debug|Any CPU.ActiveCfg = Debug|Any CPU
		{2DCFFE3F-17A1-4184-8962-C7CA52D59D45}.Debug|Any CPU.Build.0 = Debug|Any CPU
		{2DCFFE3F-17A1-4184-8962-C7CA52D59D45}.Release|Any CPU.ActiveCfg = Release|Any CPU
		{2DCFFE3F-17A1-4184-8962-C7CA52D59D45}.Release|Any CPU.Build.0 = Release|Any CPU
		{E11B0ACC-4832-4479-B7B7-5F68B6F6E0D6}.Debug|Any CPU.ActiveCfg = Debug|Any CPU
		{E11B0ACC-4832-4479-B7B7-5F68B6F6E0D6}.Debug|Any CPU.Build.0 = Debug|Any CPU
		{E11B0ACC-4832-4479-B7B7-5F68B6F6E0D6}.Release|Any CPU.ActiveCfg = Release|Any CPU
		{E11B0ACC-4832-4479-B7B7-5F68B6F6E0D6}.Release|Any CPU.Build.0 = Release|Any CPU
		{F27352F9-393C-46CA-BA29-B7BE8D0D3DD7}.Debug|Any CPU.ActiveCfg = Debug|Any CPU
		{F27352F9-393C-46CA-BA29-B7BE8D0D3DD7}.Debug|Any CPU.Build.0 = Debug|Any CPU
		{F27352F9-393C-46CA-BA29-B7BE8D0D3DD7}.Release|Any CPU.ActiveCfg = Release|Any CPU
		{F27352F9-393C-46CA-BA29-B7BE8D0D3DD7}.Release|Any CPU.Build.0 = Release|Any CPU
		{17FB830F-749B-4182-997A-943090F60C73}.Debug|Any CPU.ActiveCfg = Debug|Any CPU
		{17FB830F-749B-4182-997A-943090F60C73}.Debug|Any CPU.Build.0 = Debug|Any CPU
		{17FB830F-749B-4182-997A-943090F60C73}.Release|Any CPU.ActiveCfg = Release|Any CPU
		{17FB830F-749B-4182-997A-943090F60C73}.Release|Any CPU.Build.0 = Release|Any CPU
		{F929CA6A-87BD-42C8-8D0A-6455DB6F55DC}.Debug|Any CPU.ActiveCfg = Debug|Any CPU
		{F929CA6A-87BD-42C8-8D0A-6455DB6F55DC}.Debug|Any CPU.Build.0 = Debug|Any CPU
		{F929CA6A-87BD-42C8-8D0A-6455DB6F55DC}.Release|Any CPU.ActiveCfg = Release|Any CPU
		{F929CA6A-87BD-42C8-8D0A-6455DB6F55DC}.Release|Any CPU.Build.0 = Release|Any CPU
		{45912ED7-597C-4214-930D-CB44D17F6650}.Debug|Any CPU.ActiveCfg = Debug|Any CPU
		{45912ED7-597C-4214-930D-CB44D17F6650}.Debug|Any CPU.Build.0 = Debug|Any CPU
		{45912ED7-597C-4214-930D-CB44D17F6650}.Release|Any CPU.ActiveCfg = Release|Any CPU
		{45912ED7-597C-4214-930D-CB44D17F6650}.Release|Any CPU.Build.0 = Release|Any CPU
		{E0619DBF-4EA3-4B11-9C3C-C69E2C85DAF0}.Debug|Any CPU.ActiveCfg = Debug|Any CPU
		{E0619DBF-4EA3-4B11-9C3C-C69E2C85DAF0}.Debug|Any CPU.Build.0 = Debug|Any CPU
		{E0619DBF-4EA3-4B11-9C3C-C69E2C85DAF0}.Release|Any CPU.ActiveCfg = Release|Any CPU
		{E0619DBF-4EA3-4B11-9C3C-C69E2C85DAF0}.Release|Any CPU.Build.0 = Release|Any CPU
	EndGlobalSection
	GlobalSection(SolutionProperties) = preSolution
		HideSolutionNode = FALSE
	EndGlobalSection
	GlobalSection(NestedProjects) = preSolution
		{AD58A5D5-4CF5-454F-8A2F-5C158450E9EF} = {337F4FD1-1205-4A1C-8CC0-C3AD0018DEC7}
		{3CF5025D-9EF0-438B-A757-7D607ED42075} = {337F4FD1-1205-4A1C-8CC0-C3AD0018DEC7}
		{2DCFFE3F-17A1-4184-8962-C7CA52D59D45} = {AD58A5D5-4CF5-454F-8A2F-5C158450E9EF}
		{E11B0ACC-4832-4479-B7B7-5F68B6F6E0D6} = {AD58A5D5-4CF5-454F-8A2F-5C158450E9EF}
		{F27352F9-393C-46CA-BA29-B7BE8D0D3DD7} = {AD58A5D5-4CF5-454F-8A2F-5C158450E9EF}
		{17FB830F-749B-4182-997A-943090F60C73} = {3CF5025D-9EF0-438B-A757-7D607ED42075}
		{F929CA6A-87BD-42C8-8D0A-6455DB6F55DC} = {AD58A5D5-4CF5-454F-8A2F-5C158450E9EF}
		{45912ED7-597C-4214-930D-CB44D17F6650} = {AD58A5D5-4CF5-454F-8A2F-5C158450E9EF}
		{E0619DBF-4EA3-4B11-9C3C-C69E2C85DAF0} = {AD58A5D5-4CF5-454F-8A2F-5C158450E9EF}
	EndGlobalSection
	GlobalSection(ExtensibilityGlobals) = postSolution
		SolutionGuid = {8E371B54-2669-4881-BCBD-C7C15532BBEB}
	EndGlobalSection
EndGlobal
